{
  "name": "os-kernel-space",
  "version": "0.0.7b",
  "lockfileVersion": 1,
  "requires": true,
  "dependencies": {
    "@types/node": {
      "version": "13.7.0",
      "resolved": "https://registry.npmjs.org/@types/node/-/node-13.7.0.tgz",
      "integrity": "sha512-GnZbirvmqZUzMgkFn70c74OQpTTUcCzlhQliTzYjQMqg+hVKcDnxdL19Ne3UdYzdMA/+W3eb646FWn/ZaT1NfQ==",
      "dev": true
    },
    "fast-sort": {
      "version": "2.0.1",
      "resolved": "https://registry.npmjs.org/fast-sort/-/fast-sort-2.0.1.tgz",
      "integrity": "sha512-61gSQXW5KavRau+RBlQbpD3q+tUyrHSKiU/wob4RP58s99uIpydII6MaRpA+t6Td6/WhvU0lgL8UoMPKKv4xYg=="
    },
    "typescript": {
      "version": "3.7.4",
      "resolved": "https://registry.npmjs.org/typescript/-/typescript-3.7.4.tgz",
      "integrity": "sha512-A25xv5XCtarLwXpcDNZzCGvW2D1S3/bACratYBx2sax8PefsFhlYmkQicKHvpYflFS8if4zne5zT5kpJ7pzuvw=="
    }
  }
}
